// !$*UTF8*$!
{
	archiveVersion = 1;
	classes = {
	};
	objectVersion = 50;
	objects = {

/* Begin PBXBuildFile section */
		A8D0824627CAE255000865B2 /* Tests_iOS.swift in Sources */ = {isa = PBXBuildFile; fileRef = A8D0824527CAE255000865B2 /* Tests_iOS.swift */; };
		A8D0825127CAE255000865B2 /* Tests_macOS.swift in Sources */ = {isa = PBXBuildFile; fileRef = A8D0825027CAE255000865B2 /* Tests_macOS.swift */; };
		A8D0825327CAE255000865B2 /* Food_BuddiesApp.swift in Sources */ = {isa = PBXBuildFile; fileRef = A8D0822A27CAE24D000865B2 /* Food_BuddiesApp.swift */; };
		A8D0825427CAE255000865B2 /* Food_BuddiesApp.swift in Sources */ = {isa = PBXBuildFile; fileRef = A8D0822A27CAE24D000865B2 /* Food_BuddiesApp.swift */; };
		A8D0825527CAE255000865B2 /* ContentView.swift in Sources */ = {isa = PBXBuildFile; fileRef = A8D0822B27CAE24D000865B2 /* ContentView.swift */; };
		A8D0825627CAE255000865B2 /* ContentView.swift in Sources */ = {isa = PBXBuildFile; fileRef = A8D0822B27CAE24D000865B2 /* ContentView.swift */; };
		A8D0825727CAE255000865B2 /* Assets.xcassets in Resources */ = {isa = PBXBuildFile; fileRef = A8D0822C27CAE254000865B2 /* Assets.xcassets */; };
		A8D0825827CAE255000865B2 /* Assets.xcassets in Resources */ = {isa = PBXBuildFile; fileRef = A8D0822C27CAE254000865B2 /* Assets.xcassets */; };
/* End PBXBuildFile section */

/* Begin PBXContainerItemProxy section */
		A8D0824227CAE255000865B2 /* PBXContainerItemProxy */ = {
			isa = PBXContainerItemProxy;
			containerPortal = A8D0822527CAE24D000865B2 /* Project object */;
			proxyType = 1;
			remoteGlobalIDString = A8D0823027CAE254000865B2;
			remoteInfo = "Food Buddies (iOS)";
		};
		A8D0824D27CAE255000865B2 /* PBXContainerItemProxy */ = {
			isa = PBXContainerItemProxy;
			containerPortal = A8D0822527CAE24D000865B2 /* Project object */;
			proxyType = 1;
			remoteGlobalIDString = A8D0823827CAE255000865B2;
			remoteInfo = "Food Buddies (macOS)";
		};
/* End PBXContainerItemProxy section */

/* Begin PBXFileReference section */
		A8D0822A27CAE24D000865B2 /* Food_BuddiesApp.swift */ = {isa = PBXFileReference; lastKnownFileType = sourcecode.swift; path = Food_BuddiesApp.swift; sourceTree = "<group>"; };
		A8D0822B27CAE24D000865B2 /* ContentView.swift */ = {isa = PBXFileReference; lastKnownFileType = sourcecode.swift; path = ContentView.swift; sourceTree = "<group>"; };
		A8D0822C27CAE254000865B2 /* Assets.xcassets */ = {isa = PBXFileReference; lastKnownFileType = folder.assetcatalog; path = Assets.xcassets; sourceTree = "<group>"; };
		A8D0823127CAE254000865B2 /* Food Buddies.app */ = {isa = PBXFileReference; explicitFileType = wrapper.application; includeInIndex = 0; path = "Food Buddies.app"; sourceTree = BUILT_PRODUCTS_DIR; };
		A8D0823427CAE254000865B2 /* Info.plist */ = {isa = PBXFileReference; lastKnownFileType = text.plist.xml; path = Info.plist; sourceTree = "<group>"; };
		A8D0823927CAE255000865B2 /* Food Buddies.app */ = {isa = PBXFileReference; explicitFileType = wrapper.application; includeInIndex = 0; path = "Food Buddies.app"; sourceTree = BUILT_PRODUCTS_DIR; };
		A8D0823B27CAE255000865B2 /* Info.plist */ = {isa = PBXFileReference; lastKnownFileType = text.plist.xml; path = Info.plist; sourceTree = "<group>"; };
		A8D0823C27CAE255000865B2 /* macOS.entitlements */ = {isa = PBXFileReference; lastKnownFileType = text.plist.entitlements; path = macOS.entitlements; sourceTree = "<group>"; };
		A8D0824127CAE255000865B2 /* Tests iOS.xctest */ = {isa = PBXFileReference; explicitFileType = wrapper.cfbundle; includeInIndex = 0; path = "Tests iOS.xctest"; sourceTree = BUILT_PRODUCTS_DIR; };
		A8D0824527CAE255000865B2 /* Tests_iOS.swift */ = {isa = PBXFileReference; lastKnownFileType = sourcecode.swift; path = Tests_iOS.swift; sourceTree = "<group>"; };
		A8D0824727CAE255000865B2 /* Info.plist */ = {isa = PBXFileReference; lastKnownFileType = text.plist.xml; path = Info.plist; sourceTree = "<group>"; };
		A8D0824C27CAE255000865B2 /* Tests macOS.xctest */ = {isa = PBXFileReference; explicitFileType = wrapper.cfbundle; includeInIndex = 0; path = "Tests macOS.xctest"; sourceTree = BUILT_PRODUCTS_DIR; };
		A8D0825027CAE255000865B2 /* Tests_macOS.swift */ = {isa = PBXFileReference; lastKnownFileType = sourcecode.swift; path = Tests_macOS.swift; sourceTree = "<group>"; };
		A8D0825227CAE255000865B2 /* Info.plist */ = {isa = PBXFileReference; lastKnownFileType = text.plist.xml; path = Info.plist; sourceTree = "<group>"; };
/* End PBXFileReference section */

/* Begin PBXFrameworksBuildPhase section */
		A8D0822E27CAE254000865B2 /* Frameworks */ = {
			isa = PBXFrameworksBuildPhase;
			buildActionMask = 2147483647;
			files = (
			);
			runOnlyForDeploymentPostprocessing = 0;
		};
		A8D0823627CAE255000865B2 /* Frameworks */ = {
			isa = PBXFrameworksBuildPhase;
			buildActionMask = 2147483647;
			files = (
			);
			runOnlyForDeploymentPostprocessing = 0;
		};
		A8D0823E27CAE255000865B2 /* Frameworks */ = {
			isa = PBXFrameworksBuildPhase;
			buildActionMask = 2147483647;
			files = (
			);
			runOnlyForDeploymentPostprocessing = 0;
		};
		A8D0824927CAE255000865B2 /* Frameworks */ = {
			isa = PBXFrameworksBuildPhase;
			buildActionMask = 2147483647;
			files = (
			);
			runOnlyForDeploymentPostprocessing = 0;
		};
/* End PBXFrameworksBuildPhase section */

/* Begin PBXGroup section */
		A8D0822427CAE24D000865B2 = {
			isa = PBXGroup;
			children = (
				A8D0822927CAE24D000865B2 /* Shared */,
				A8D0823327CAE254000865B2 /* iOS */,
				A8D0823A27CAE255000865B2 /* macOS */,
				A8D0824427CAE255000865B2 /* Tests iOS */,
				A8D0824F27CAE255000865B2 /* Tests macOS */,
				A8D0823227CAE254000865B2 /* Products */,
			);
			sourceTree = "<group>";
		};
		A8D0822927CAE24D000865B2 /* Shared */ = {
			isa = PBXGroup;
			children = (
				A8D0822A27CAE24D000865B2 /* Food_BuddiesApp.swift */,
				A8D0822B27CAE24D000865B2 /* ContentView.swift */,
				A8D0822C27CAE254000865B2 /* Assets.xcassets */,
			);
			path = Shared;
			sourceTree = "<group>";
		};
		A8D0823227CAE254000865B2 /* Products */ = {
			isa = PBXGroup;
			children = (
				A8D0823127CAE254000865B2 /* Food Buddies.app */,
				A8D0823927CAE255000865B2 /* Food Buddies.app */,
				A8D0824127CAE255000865B2 /* Tests iOS.xctest */,
				A8D0824C27CAE255000865B2 /* Tests macOS.xctest */,
			);
			name = Products;
			sourceTree = "<group>";
		};
		A8D0823327CAE254000865B2 /* iOS */ = {
			isa = PBXGroup;
			children = (
				A8D0823427CAE254000865B2 /* Info.plist */,
			);
			path = iOS;
			sourceTree = "<group>";
		};
		A8D0823A27CAE255000865B2 /* macOS */ = {
			isa = PBXGroup;
			children = (
				A8D0823B27CAE255000865B2 /* Info.plist */,
				A8D0823C27CAE255000865B2 /* macOS.entitlements */,
			);
			path = macOS;
			sourceTree = "<group>";
		};
		A8D0824427CAE255000865B2 /* Tests iOS */ = {
			isa = PBXGroup;
			children = (
				A8D0824527CAE255000865B2 /* Tests_iOS.swift */,
				A8D0824727CAE255000865B2 /* Info.plist */,
			);
			path = "Tests iOS";
			sourceTree = "<group>";
		};
		A8D0824F27CAE255000865B2 /* Tests macOS */ = {
			isa = PBXGroup;
			children = (
				A8D0825027CAE255000865B2 /* Tests_macOS.swift */,
				A8D0825227CAE255000865B2 /* Info.plist */,
			);
			path = "Tests macOS";
			sourceTree = "<group>";
		};
/* End PBXGroup section */

/* Begin PBXNativeTarget section */
		A8D0823027CAE254000865B2 /* Food Buddies (iOS) */ = {
			isa = PBXNativeTarget;
			buildConfigurationList = A8D0825B27CAE255000865B2 /* Build configuration list for PBXNativeTarget "Food Buddies (iOS)" */;
			buildPhases = (
				A8D0822D27CAE254000865B2 /* Sources */,
				A8D0822E27CAE254000865B2 /* Frameworks */,
				A8D0822F27CAE254000865B2 /* Resources */,
			);
			buildRules = (
			);
			dependencies = (
			);
			name = "Food Buddies (iOS)";
			productName = "Food Buddies (iOS)";
			productReference = A8D0823127CAE254000865B2 /* Food Buddies.app */;
			productType = "com.apple.product-type.application";
		};
		A8D0823827CAE255000865B2 /* Food Buddies (macOS) */ = {
			isa = PBXNativeTarget;
			buildConfigurationList = A8D0825E27CAE255000865B2 /* Build configuration list for PBXNativeTarget "Food Buddies (macOS)" */;
			buildPhases = (
				A8D0823527CAE255000865B2 /* Sources */,
				A8D0823627CAE255000865B2 /* Frameworks */,
				A8D0823727CAE255000865B2 /* Resources */,
			);
			buildRules = (
			);
			dependencies = (
			);
			name = "Food Buddies (macOS)";
			productName = "Food Buddies (macOS)";
			productReference = A8D0823927CAE255000865B2 /* Food Buddies.app */;
			productType = "com.apple.product-type.application";
		};
		A8D0824027CAE255000865B2 /* Tests iOS */ = {
			isa = PBXNativeTarget;
			buildConfigurationList = A8D0826127CAE255000865B2 /* Build configuration list for PBXNativeTarget "Tests iOS" */;
			buildPhases = (
				A8D0823D27CAE255000865B2 /* Sources */,
				A8D0823E27CAE255000865B2 /* Frameworks */,
				A8D0823F27CAE255000865B2 /* Resources */,
			);
			buildRules = (
			);
			dependencies = (
				A8D0824327CAE255000865B2 /* PBXTargetDependency */,
			);
			name = "Tests iOS";
			productName = "Tests iOS";
			productReference = A8D0824127CAE255000865B2 /* Tests iOS.xctest */;
			productType = "com.apple.product-type.bundle.ui-testing";
		};
		A8D0824B27CAE255000865B2 /* Tests macOS */ = {
			isa = PBXNativeTarget;
			buildConfigurationList = A8D0826427CAE255000865B2 /* Build configuration list for PBXNativeTarget "Tests macOS" */;
			buildPhases = (
				A8D0824827CAE255000865B2 /* Sources */,
				A8D0824927CAE255000865B2 /* Frameworks */,
				A8D0824A27CAE255000865B2 /* Resources */,
			);
			buildRules = (
			);
			dependencies = (
				A8D0824E27CAE255000865B2 /* PBXTargetDependency */,
			);
			name = "Tests macOS";
			productName = "Tests macOS";
			productReference = A8D0824C27CAE255000865B2 /* Tests macOS.xctest */;
			productType = "com.apple.product-type.bundle.ui-testing";
		};
/* End PBXNativeTarget section */

/* Begin PBXProject section */
		A8D0822527CAE24D000865B2 /* Project object */ = {
			isa = PBXProject;
			attributes = {
				LastSwiftUpdateCheck = 1240;
				LastUpgradeCheck = 1240;
				TargetAttributes = {
					A8D0823027CAE254000865B2 = {
						CreatedOnToolsVersion = 12.4;
					};
					A8D0823827CAE255000865B2 = {
						CreatedOnToolsVersion = 12.4;
					};
					A8D0824027CAE255000865B2 = {
						CreatedOnToolsVersion = 12.4;
						TestTargetID = A8D0823027CAE254000865B2;
					};
					A8D0824B27CAE255000865B2 = {
						CreatedOnToolsVersion = 12.4;
						TestTargetID = A8D0823827CAE255000865B2;
					};
				};
			};
			buildConfigurationList = A8D0822827CAE24D000865B2 /* Build configuration list for PBXProject "Food Buddies" */;
			compatibilityVersion = "Xcode 9.3";
			developmentRegion = en;
			hasScannedForEncodings = 0;
			knownRegions = (
				en,
				Base,
			);
			mainGroup = A8D0822427CAE24D000865B2;
			productRefGroup = A8D0823227CAE254000865B2 /* Products */;
			projectDirPath = "";
			projectRoot = "";
			targets = (
				A8D0823027CAE254000865B2 /* Food Buddies (iOS) */,
				A8D0823827CAE255000865B2 /* Food Buddies (macOS) */,
				A8D0824027CAE255000865B2 /* Tests iOS */,
				A8D0824B27CAE255000865B2 /* Tests macOS */,
			);
		};
/* End PBXProject section */

/* Begin PBXResourcesBuildPhase section */
		A8D0822F27CAE254000865B2 /* Resources */ = {
			isa = PBXResourcesBuildPhase;
			buildActionMask = 2147483647;
			files = (
				A8D0825727CAE255000865B2 /* Assets.xcassets in Resources */,
			);
			runOnlyForDeploymentPostprocessing = 0;
		};
		A8D0823727CAE255000865B2 /* Resources */ = {
			isa = PBXResourcesBuildPhase;
			buildActionMask = 2147483647;
			files = (
				A8D0825827CAE255000865B2 /* Assets.xcassets in Resources */,
			);
			runOnlyForDeploymentPostprocessing = 0;
		};
		A8D0823F27CAE255000865B2 /* Resources */ = {
			isa = PBXResourcesBuildPhase;
			buildActionMask = 2147483647;
			files = (
			);
			runOnlyForDeploymentPostprocessing = 0;
		};
		A8D0824A27CAE255000865B2 /* Resources */ = {
			isa = PBXResourcesBuildPhase;
			buildActionMask = 2147483647;
			files = (
			);
			runOnlyForDeploymentPostprocessing = 0;
		};
/* End PBXResourcesBuildPhase section */

/* Begin PBXSourcesBuildPhase section */
		A8D0822D27CAE254000865B2 /* Sources */ = {
			isa = PBXSourcesBuildPhase;
			buildActionMask = 2147483647;
			files = (
				A8D0825527CAE255000865B2 /* ContentView.swift in Sources */,
				A8D0825327CAE255000865B2 /* Food_BuddiesApp.swift in Sources */,
			);
			runOnlyForDeploymentPostprocessing = 0;
		};
		A8D0823527CAE255000865B2 /* Sources */ = {
			isa = PBXSourcesBuildPhase;
			buildActionMask = 2147483647;
			files = (
				A8D0825627CAE255000865B2 /* ContentView.swift in Sources */,
				A8D0825427CAE255000865B2 /* Food_BuddiesApp.swift in Sources */,
			);
			runOnlyForDeploymentPostprocessing = 0;
		};
		A8D0823D27CAE255000865B2 /* Sources */ = {
			isa = PBXSourcesBuildPhase;
			buildActionMask = 2147483647;
			files = (
				A8D0824627CAE255000865B2 /* Tests_iOS.swift in Sources */,
			);
			runOnlyForDeploymentPostprocessing = 0;
		};
		A8D0824827CAE255000865B2 /* Sources */ = {
			isa = PBXSourcesBuildPhase;
			buildActionMask = 2147483647;
			files = (
				A8D0825127CAE255000865B2 /* Tests_macOS.swift in Sources */,
			);
			runOnlyForDeploymentPostprocessing = 0;
		};
/* End PBXSourcesBuildPhase section */

/* Begin PBXTargetDependency section */
		A8D0824327CAE255000865B2 /* PBXTargetDependency */ = {
			isa = PBXTargetDependency;
			target = A8D0823027CAE254000865B2 /* Food Buddies (iOS) */;
			targetProxy = A8D0824227CAE255000865B2 /* PBXContainerItemProxy */;
		};
		A8D0824E27CAE255000865B2 /* PBXTargetDependency */ = {
			isa = PBXTargetDependency;
			target = A8D0823827CAE255000865B2 /* Food Buddies (macOS) */;
			targetProxy = A8D0824D27CAE255000865B2 /* PBXContainerItemProxy */;
		};
/* End PBXTargetDependency section */

/* Begin XCBuildConfiguration section */
		A8D0825927CAE255000865B2 /* Debug */ = {
			isa = XCBuildConfiguration;
			buildSettings = {
				ALWAYS_SEARCH_USER_PATHS = NO;
				CLANG_ANALYZER_NONNULL = YES;
				CLANG_ANALYZER_NUMBER_OBJECT_CONVERSION = YES_AGGRESSIVE;
				CLANG_CXX_LANGUAGE_STANDARD = "gnu++14";
				CLANG_CXX_LIBRARY = "libc++";
				CLANG_ENABLE_MODULES = YES;
				CLANG_ENABLE_OBJC_ARC = YES;
				CLANG_ENABLE_OBJC_WEAK = YES;
				CLANG_WARN_BLOCK_CAPTURE_AUTORELEASING = YES;
				CLANG_WARN_BOOL_CONVERSION = YES;
				CLANG_WARN_COMMA = YES;
				CLANG_WARN_CONSTANT_CONVERSION = YES;
				CLANG_WARN_DEPRECATED_OBJC_IMPLEMENTATIONS = YES;
				CLANG_WARN_DIRECT_OBJC_ISA_USAGE = YES_ERROR;
				CLANG_WARN_DOCUMENTATION_COMMENTS = YES;
				CLANG_WARN_EMPTY_BODY = YES;
				CLANG_WARN_ENUM_CONVERSION = YES;
				CLANG_WARN_INFINITE_RECURSION = YES;
				CLANG_WARN_INT_CONVERSION = YES;
				CLANG_WARN_NON_LITERAL_NULL_CONVERSION = YES;
				CLANG_WARN_OBJC_IMPLICIT_RETAIN_SELF = YES;
				CLANG_WARN_OBJC_LITERAL_CONVERSION = YES;
				CLANG_WARN_OBJC_ROOT_CLASS = YES_ERROR;
				CLANG_WARN_QUOTED_INCLUDE_IN_FRAMEWORK_HEADER = YES;
				CLANG_WARN_RANGE_LOOP_ANALYSIS = YES;
				CLANG_WARN_STRICT_PROTOTYPES = YES;
				CLANG_WARN_SUSPICIOUS_MOVE = YES;
				CLANG_WARN_UNGUARDED_AVAILABILITY = YES_AGGRESSIVE;
				CLANG_WARN_UNREACHABLE_CODE = YES;
				CLANG_WARN__DUPLICATE_METHOD_MATCH = YES;
				COPY_PHASE_STRIP = NO;
				DEBUG_INFORMATION_FORMAT = dwarf;
				ENABLE_STRICT_OBJC_MSGSEND = YES;
				ENABLE_TESTABILITY = YES;
				GCC_C_LANGUAGE_STANDARD = gnu11;
				GCC_DYNAMIC_NO_PIC = NO;
				GCC_NO_COMMON_BLOCKS = YES;
				GCC_OPTIMIZATION_LEVEL = 0;
				GCC_PREPROCESSOR_DEFINITIONS = (
					"DEBUG=1",
					"$(inherited)",
				);
				GCC_WARN_64_TO_32_BIT_CONVERSION = YES;
				GCC_WARN_ABOUT_RETURN_TYPE = YES_ERROR;
				GCC_WARN_UNDECLARED_SELECTOR = YES;
				GCC_WARN_UNINITIALIZED_AUTOS = YES_AGGRESSIVE;
				GCC_WARN_UNUSED_FUNCTION = YES;
				GCC_WARN_UNUSED_VARIABLE = YES;
				MTL_ENABLE_DEBUG_INFO = INCLUDE_SOURCE;
				MTL_FAST_MATH = YES;
				ONLY_ACTIVE_ARCH = YES;
				SWIFT_ACTIVE_COMPILATION_CONDITIONS = DEBUG;
				SWIFT_OPTIMIZATION_LEVEL = "-Onone";
			};
			name = Debug;
		};
		A8D0825A27CAE255000865B2 /* Release */ = {
			isa = XCBuildConfiguration;
			buildSettings = {
				ALWAYS_SEARCH_USER_PATHS = NO;
				CLANG_ANALYZER_NONNULL = YES;
				CLANG_ANALYZER_NUMBER_OBJECT_CONVERSION = YES_AGGRESSIVE;
				CLANG_CXX_LANGUAGE_STANDARD = "gnu++14";
				CLANG_CXX_LIBRARY = "libc++";
				CLANG_ENABLE_MODULES = YES;
				CLANG_ENABLE_OBJC_ARC = YES;
				CLANG_ENABLE_OBJC_WEAK = YES;
				CLANG_WARN_BLOCK_CAPTURE_AUTORELEASING = YES;
				CLANG_WARN_BOOL_CONVERSION = YES;
				CLANG_WARN_COMMA = YES;
				CLANG_WARN_CONSTANT_CONVERSION = YES;
				CLANG_WARN_DEPRECATED_OBJC_IMPLEMENTATIONS = YES;
				CLANG_WARN_DIRECT_OBJC_ISA_USAGE = YES_ERROR;
				CLANG_WARN_DOCUMENTATION_COMMENTS = YES;
				CLANG_WARN_EMPTY_BODY = YES;
				CLANG_WARN_ENUM_CONVERSION = YES;
				CLANG_WARN_INFINITE_RECURSION = YES;
				CLANG_WARN_INT_CONVERSION = YES;
				CLANG_WARN_NON_LITERAL_NULL_CONVERSION = YES;
				CLANG_WARN_OBJC_IMPLICIT_RETAIN_SELF = YES;
				CLANG_WARN_OBJC_LITERAL_CONVERSION = YES;
				CLANG_WARN_OBJC_ROOT_CLASS = YES_ERROR;
				CLANG_WARN_QUOTED_INCLUDE_IN_FRAMEWORK_HEADER = YES;
				CLANG_WARN_RANGE_LOOP_ANALYSIS = YES;
				CLANG_WARN_STRICT_PROTOTYPES = YES;
				CLANG_WARN_SUSPICIOUS_MOVE = YES;
				CLANG_WARN_UNGUARDED_AVAILABILITY = YES_AGGRESSIVE;
				CLANG_WARN_UNREACHABLE_CODE = YES;
				CLANG_WARN__DUPLICATE_METHOD_MATCH = YES;
				COPY_PHASE_STRIP = NO;
				DEBUG_INFORMATION_FORMAT = "dwarf-with-dsym";
				ENABLE_NS_ASSERTIONS = NO;
				ENABLE_STRICT_OBJC_MSGSEND = YES;
				GCC_C_LANGUAGE_STANDARD = gnu11;
				GCC_NO_COMMON_BLOCKS = YES;
				GCC_WARN_64_TO_32_BIT_CONVERSION = YES;
				GCC_WARN_ABOUT_RETURN_TYPE = YES_ERROR;
				GCC_WARN_UNDECLARED_SELECTOR = YES;
				GCC_WARN_UNINITIALIZED_AUTOS = YES_AGGRESSIVE;
				GCC_WARN_UNUSED_FUNCTION = YES;
				GCC_WARN_UNUSED_VARIABLE = YES;
				MTL_ENABLE_DEBUG_INFO = NO;
				MTL_FAST_MATH = YES;
				SWIFT_COMPILATION_MODE = wholemodule;
				SWIFT_OPTIMIZATION_LEVEL = "-O";
			};
			name = Release;
		};
		A8D0825C27CAE255000865B2 /* Debug */ = {
			isa = XCBuildConfiguration;
			buildSettings = {
				ASSETCATALOG_COMPILER_APPICON_NAME = AppIcon;
				ASSETCATALOG_COMPILER_GLOBAL_ACCENT_COLOR_NAME = AccentColor;
				CODE_SIGN_STYLE = Automatic;
				DEVELOPMENT_TEAM = TW75C285JJ;
				ENABLE_PREVIEWS = YES;
				INFOPLIST_FILE = iOS/Info.plist;
				IPHONEOS_DEPLOYMENT_TARGET = 14.0;
				LD_RUNPATH_SEARCH_PATHS = (
					"$(inherited)",
					"@executable_path/Frameworks",
				);
				PRODUCT_BUNDLE_IDENTIFIER = "com.hackillinois2022.Food-Buddies";
				PRODUCT_NAME = "Food Buddies";
				SDKROOT = iphoneos;
				SWIFT_VERSION = 5.0;
				TARGETED_DEVICE_FAMILY = "1,2";
			};
			name = Debug;
		};
		A8D0825D27CAE255000865B2 /* Release */ = {
			isa = XCBuildConfiguration;
			buildSettings = {
				ASSETCATALOG_COMPILER_APPICON_NAME = AppIcon;
				ASSETCATALOG_COMPILER_GLOBAL_ACCENT_COLOR_NAME = AccentColor;
				CODE_SIGN_STYLE = Automatic;
				DEVELOPMENT_TEAM = TW75C285JJ;
				ENABLE_PREVIEWS = YES;
				INFOPLIST_FILE = iOS/Info.plist;
				IPHONEOS_DEPLOYMENT_TARGET = 14.0;
				LD_RUNPATH_SEARCH_PATHS = (
					"$(inherited)",
					"@executable_path/Frameworks",
				);
				PRODUCT_BUNDLE_IDENTIFIER = "com.hackillinois2022.Food-Buddies";
				PRODUCT_NAME = "Food Buddies";
				SDKROOT = iphoneos;
				SWIFT_VERSION = 5.0;
				TARGETED_DEVICE_FAMILY = "1,2";
				VALIDATE_PRODUCT = YES;
			};
			name = Release;
		};
		A8D0825F27CAE255000865B2 /* Debug */ = {
			isa = XCBuildConfiguration;
			buildSettings = {
				ASSETCATALOG_COMPILER_APPICON_NAME = AppIcon;
				ASSETCATALOG_COMPILER_GLOBAL_ACCENT_COLOR_NAME = AccentColor;
				CODE_SIGN_ENTITLEMENTS = macOS/macOS.entitlements;
				CODE_SIGN_STYLE = Automatic;
				COMBINE_HIDPI_IMAGES = YES;
				DEVELOPMENT_TEAM = TW75C285JJ;
				ENABLE_HARDENED_RUNTIME = YES;
				ENABLE_PREVIEWS = YES;
				INFOPLIST_FILE = macOS/Info.plist;
				LD_RUNPATH_SEARCH_PATHS = (
					"$(inherited)",
					"@executable_path/../Frameworks",
				);
				MACOSX_DEPLOYMENT_TARGET = 11.0;
				PRODUCT_BUNDLE_IDENTIFIER = "com.hackillinois2022.Food-Buddies";
				PRODUCT_NAME = "Food Buddies";
				SDKROOT = macosx;
				SWIFT_VERSION = 5.0;
			};
			name = Debug;
		};
		A8D0826027CAE255000865B2 /* Release */ = {
			isa = XCBuildConfiguration;
			buildSettings = {
				ASSETCATALOG_COMPILER_APPICON_NAME = AppIcon;
				ASSETCATALOG_COMPILER_GLOBAL_ACCENT_COLOR_NAME = AccentColor;
				CODE_SIGN_ENTITLEMENTS = macOS/macOS.entitlements;
				CODE_SIGN_STYLE = Automatic;
				COMBINE_HIDPI_IMAGES = YES;
				DEVELOPMENT_TEAM = TW75C285JJ;
				ENABLE_HARDENED_RUNTIME = YES;
				ENABLE_PREVIEWS = YES;
				INFOPLIST_FILE = macOS/Info.plist;
				LD_RUNPATH_SEARCH_PATHS = (
					"$(inherited)",
					"@executable_path/../Frameworks",
				);
				MACOSX_DEPLOYMENT_TARGET = 11.0;
				PRODUCT_BUNDLE_IDENTIFIER = "com.hackillinois2022.Food-Buddies";
				PRODUCT_NAME = "Food Buddies";
				SDKROOT = macosx;
				SWIFT_VERSION = 5.0;
			};
			name = Release;
		};
		A8D0826227CAE255000865B2 /* Debug */ = {
			isa = XCBuildConfiguration;
			buildSettings = {
				ALWAYS_EMBED_SWIFT_STANDARD_LIBRARIES = YES;
				CODE_SIGN_STYLE = Automatic;
				DEVELOPMENT_TEAM = TW75C285JJ;
				INFOPLIST_FILE = "Tests iOS/Info.plist";
				IPHONEOS_DEPLOYMENT_TARGET = 14.4;
				LD_RUNPATH_SEARCH_PATHS = (
					"$(inherited)",
					"@executable_path/Frameworks",
					"@loader_path/Frameworks",
				);
				PRODUCT_BUNDLE_IDENTIFIER = "com.hackillinois2022.Tests-iOS";
				PRODUCT_NAME = "$(TARGET_NAME)";
				SDKROOT = iphoneos;
				SWIFT_VERSION = 5.0;
				TARGETED_DEVICE_FAMILY = "1,2";
				TEST_TARGET_NAME = "Food Buddies (iOS)";
			};
			name = Debug;
		};
		A8D0826327CAE255000865B2 /* Release */ = {
			isa = XCBuildConfiguration;
			buildSettings = {
				ALWAYS_EMBED_SWIFT_STANDARD_LIBRARIES = YES;
				CODE_SIGN_STYLE = Automatic;
				DEVELOPMENT_TEAM = TW75C285JJ;
				INFOPLIST_FILE = "Tests iOS/Info.plist";
				IPHONEOS_DEPLOYMENT_TARGET = 14.4;
				LD_RUNPATH_SEARCH_PATHS = (
					"$(inherited)",
					"@executable_path/Frameworks",
					"@loader_path/Frameworks",
				);
				PRODUCT_BUNDLE_IDENTIFIER = "com.hackillinois2022.Tests-iOS";
				PRODUCT_NAME = "$(TARGET_NAME)";
				SDKROOT = iphoneos;
				SWIFT_VERSION = 5.0;
				TARGETED_DEVICE_FAMILY = "1,2";
				TEST_TARGET_NAME = "Food Buddies (iOS)";
				VALIDATE_PRODUCT = YES;
			};
			name = Release;
		};
		A8D0826527CAE255000865B2 /* Debug */ = {
			isa = XCBuildConfiguration;
			buildSettings = {
				ALWAYS_EMBED_SWIFT_STANDARD_LIBRARIES = YES;
				CODE_SIGN_STYLE = Automatic;
				COMBINE_HIDPI_IMAGES = YES;
				DEVELOPMENT_TEAM = TW75C285JJ;
				INFOPLIST_FILE = "Tests macOS/Info.plist";
				LD_RUNPATH_SEARCH_PATHS = (
					"$(inherited)",
					"@executable_path/../Frameworks",
					"@loader_path/../Frameworks",
				);
				MACOSX_DEPLOYMENT_TARGET = 10.15;
				PRODUCT_BUNDLE_IDENTIFIER = "com.hackillinois2022.Tests-macOS";
				PRODUCT_NAME = "$(TARGET_NAME)";
				SDKROOT = macosx;
				SWIFT_VERSION = 5.0;
				TEST_TARGET_NAME = "Food Buddies (macOS)";
			};
			name = Debug;
		};
		A8D0826627CAE255000865B2 /* Release */ = {
			isa = XCBuildConfiguration;
			buildSettings = {
				ALWAYS_EMBED_SWIFT_STANDARD_LIBRARIES = YES;
				CODE_SIGN_STYLE = Automatic;
				COMBINE_HIDPI_IMAGES = YES;
				DEVELOPMENT_TEAM = TW75C285JJ;
				INFOPLIST_FILE = "Tests macOS/Info.plist";
				LD_RUNPATH_SEARCH_PATHS = (
					"$(inherited)",
					"@executable_path/../Frameworks",
					"@loader_path/../Frameworks",
				);
				MACOSX_DEPLOYMENT_TARGET = 10.15;
				PRODUCT_BUNDLE_IDENTIFIER = "com.hackillinois2022.Tests-macOS";
				PRODUCT_NAME = "$(TARGET_NAME)";
				SDKROOT = macosx;
				SWIFT_VERSION = 5.0;
				TEST_TARGET_NAME = "Food Buddies (macOS)";
			};
			name = Release;
		};
/* End XCBuildConfiguration section */

/* Begin XCConfigurationList section */
		A8D0822827CAE24D000865B2 /* Build configuration list for PBXProject "Food Buddies" */ = {
			isa = XCConfigurationList;
			buildConfigurations = (
				A8D0825927CAE255000865B2 /* Debug */,
				A8D0825A27CAE255000865B2 /* Release */,
			);
			defaultConfigurationIsVisible = 0;
			defaultConfigurationName = Release;
		};
		A8D0825B27CAE255000865B2 /* Build configuration list for PBXNativeTarget "Food Buddies (iOS)" */ = {
			isa = XCConfigurationList;
			buildConfigurations = (
				A8D0825C27CAE255000865B2 /* Debug */,
				A8D0825D27CAE255000865B2 /* Release */,
			);
			defaultConfigurationIsVisible = 0;
			defaultConfigurationName = Release;
		};
		A8D0825E27CAE255000865B2 /* Build configuration list for PBXNativeTarget "Food Buddies (macOS)" */ = {
			isa = XCConfigurationList;
			buildConfigurations = (
				A8D0825F27CAE255000865B2 /* Debug */,
				A8D0826027CAE255000865B2 /* Release */,
			);
			defaultConfigurationIsVisible = 0;
			defaultConfigurationName = Release;
		};
		A8D0826127CAE255000865B2 /* Build configuration list for PBXNativeTarget "Tests iOS" */ = {
			isa = XCConfigurationList;
			buildConfigurations = (
				A8D0826227CAE255000865B2 /* Debug */,
				A8D0826327CAE255000865B2 /* Release */,
			);
			defaultConfigurationIsVisible = 0;
			defaultConfigurationName = Release;
		};
		A8D0826427CAE255000865B2 /* Build configuration list for PBXNativeTarget "Tests macOS" */ = {
			isa = XCConfigurationList;
			buildConfigurations = (
				A8D0826527CAE255000865B2 /* Debug */,
				A8D0826627CAE255000865B2 /* Release */,
			);
			defaultConfigurationIsVisible = 0;
			defaultConfigurationName = Release;
		};
/* End XCConfigurationList section */
	};
	rootObject = A8D0822527CAE24D000865B2 /* Project object */;
}
